
Microsoft Visual Studio Solution File, Format Version 12.00
# Visual Studio Version 17
VisualStudioVersion = 17.10.35027.167
MinimumVisualStudioVersion = 10.0.40219.1
Project("{FAE04EC0-301F-11D3-BF4B-00C04F79EFBC}") = "While-DoWhile", "While-DoWhile\While-DoWhile.csproj", "{4D8E3E58-64CF-477B-B482-B47DCB5959F9}"
EndProject
Global
	GlobalSection(SolutionConfigurationPlatforms) = preSolution
		Debug|Any CPU = Debug|Any CPU
		Release|Any CPU = Release|Any CPU
	EndGlobalSection
	GlobalSection(ProjectConfigurationPlatforms) = postSolution
		{4D8E3E58-64CF-477B-B482-B47DCB5959F9}.Debug|Any CPU.ActiveCfg = Debug|Any CPU
		{4D8E3E58-64CF-477B-B482-B47DCB5959F9}.Debug|Any CPU.Build.0 = Debug|Any CPU
		{4D8E3E58-64CF-477B-B482-B47DCB5959F9}.Release|Any CPU.ActiveCfg = Release|Any CPU
		{4D8E3E58-64CF-477B-B482-B47DCB5959F9}.Release|Any CPU.Build.0 = Release|Any CPU
	EndGlobalSection
	GlobalSection(SolutionProperties) = preSolution
		HideSolutionNode = FALSE
	EndGlobalSection
	GlobalSection(ExtensibilityGlobals) = postSolution
		SolutionGuid = {85B492E5-4093-4659-8521-CBFFF882AC9A}
	EndGlobalSection
EndGlobal
